
Microsoft Visual Studio Solution File, Format Version 12.00
# Visual Studio Version 17
VisualStudioVersion = 17.13.35919.96 d17.13
MinimumVisualStudioVersion = 10.0.40219.1
Project("{FAE04EC0-301F-11D3-BF4B-00C04F79EFBC}") = "WeatherCrimeAnalyzer", "WeatherCrimeAnalyzer\WeatherCrimeAnalyzer.csproj", "{04578EE1-8D3E-4A78-B70F-ED3DB5E57FD2}"
EndProject
Global
	GlobalSection(SolutionConfigurationPlatforms) = preSolution
		Debug|Any CPU = Debug|Any CPU
		Release|Any CPU = Release|Any CPU
	EndGlobalSection
	GlobalSection(ProjectConfigurationPlatforms) = postSolution
		{04578EE1-8D3E-4A78-B70F-ED3DB5E57FD2}.Debug|Any CPU.ActiveCfg = Debug|Any CPU
		{04578EE1-8D3E-4A78-B70F-ED3DB5E57FD2}.Debug|Any CPU.Build.0 = Debug|Any CPU
		{04578EE1-8D3E-4A78-B70F-ED3DB5E57FD2}.Release|Any CPU.ActiveCfg = Release|Any CPU
		{04578EE1-8D3E-4A78-B70F-ED3DB5E57FD2}.Release|Any CPU.Build.0 = Release|Any CPU
	EndGlobalSection
	GlobalSection(SolutionProperties) = preSolution
		HideSolutionNode = FALSE
	EndGlobalSection
	GlobalSection(ExtensibilityGlobals) = postSolution
		SolutionGuid = {307A32F6-F0F3-43A5-AA65-E42A6A6510F0}
	EndGlobalSection
EndGlobal
